
Microsoft Visual Studio Solution File, Format Version 12.00
# Visual Studio Version 17
VisualStudioVersion = 17.10.34607.79
MinimumVisualStudioVersion = 10.0.40219.1
Project("{FAE04EC0-301F-11D3-BF4B-00C04F79EFBC}") = "QuickSort", "QuickSort\QuickSort.csproj", "{10645C6B-52A6-4960-AD27-2A0430A522D3}"
EndProject
Global
	GlobalSection(SolutionConfigurationPlatforms) = preSolution
		Debug|Any CPU = Debug|Any CPU
		Release|Any CPU = Release|Any CPU
	EndGlobalSection
	GlobalSection(ProjectConfigurationPlatforms) = postSolution
		{10645C6B-52A6-4960-AD27-2A0430A522D3}.Debug|Any CPU.ActiveCfg = Debug|Any CPU
		{10645C6B-52A6-4960-AD27-2A0430A522D3}.Debug|Any CPU.Build.0 = Debug|Any CPU
		{10645C6B-52A6-4960-AD27-2A0430A522D3}.Release|Any CPU.ActiveCfg = Release|Any CPU
		{10645C6B-52A6-4960-AD27-2A0430A522D3}.Release|Any CPU.Build.0 = Release|Any CPU
	EndGlobalSection
	GlobalSection(SolutionProperties) = preSolution
		HideSolutionNode = FALSE
	EndGlobalSection
	GlobalSection(ExtensibilityGlobals) = postSolution
		SolutionGuid = {5076CE56-D552-491C-9A21-E8CF85BA1199}
	EndGlobalSection
EndGlobal
