
Microsoft Visual Studio Solution File, Format Version 12.00
# Visual Studio Version 17
VisualStudioVersion = 17.10.34607.79
MinimumVisualStudioVersion = 10.0.40219.1
Project("{FAE04EC0-301F-11D3-BF4B-00C04F79EFBC}") = "Decorator", "Decorator\Decorator.csproj", "{645C78B6-D9AD-4D49-BCB4-BCDA8D19D10C}"
EndProject
Global
	GlobalSection(SolutionConfigurationPlatforms) = preSolution
		Debug|Any CPU = Debug|Any CPU
		Release|Any CPU = Release|Any CPU
	EndGlobalSection
	GlobalSection(ProjectConfigurationPlatforms) = postSolution
		{645C78B6-D9AD-4D49-BCB4-BCDA8D19D10C}.Debug|Any CPU.ActiveCfg = Debug|Any CPU
		{645C78B6-D9AD-4D49-BCB4-BCDA8D19D10C}.Debug|Any CPU.Build.0 = Debug|Any CPU
		{645C78B6-D9AD-4D49-BCB4-BCDA8D19D10C}.Release|Any CPU.ActiveCfg = Release|Any CPU
		{645C78B6-D9AD-4D49-BCB4-BCDA8D19D10C}.Release|Any CPU.Build.0 = Release|Any CPU
	EndGlobalSection
	GlobalSection(SolutionProperties) = preSolution
		HideSolutionNode = FALSE
	EndGlobalSection
	GlobalSection(ExtensibilityGlobals) = postSolution
		SolutionGuid = {A0956683-B8D2-4E68-8321-7DC9347DEDE7}
	EndGlobalSection
EndGlobal
