
Microsoft Visual Studio Solution File, Format Version 12.00
# Visual Studio Version 17
VisualStudioVersion = 17.8.34330.188
MinimumVisualStudioVersion = 10.0.40219.1
Project("{FAE04EC0-301F-11D3-BF4B-00C04F79EFBC}") = "BasicWebServer", "BasicWebServer\BasicWebServer.csproj", "{8B2DCC49-6450-4096-A4AE-9835B518E85B}"
EndProject
Global
	GlobalSection(SolutionConfigurationPlatforms) = preSolution
		Debug|Any CPU = Debug|Any CPU
		Release|Any CPU = Release|Any CPU
	EndGlobalSection
	GlobalSection(ProjectConfigurationPlatforms) = postSolution
		{8B2DCC49-6450-4096-A4AE-9835B518E85B}.Debug|Any CPU.ActiveCfg = Debug|Any CPU
		{8B2DCC49-6450-4096-A4AE-9835B518E85B}.Debug|Any CPU.Build.0 = Debug|Any CPU
		{8B2DCC49-6450-4096-A4AE-9835B518E85B}.Release|Any CPU.ActiveCfg = Release|Any CPU
		{8B2DCC49-6450-4096-A4AE-9835B518E85B}.Release|Any CPU.Build.0 = Release|Any CPU
	EndGlobalSection
	GlobalSection(SolutionProperties) = preSolution
		HideSolutionNode = FALSE
	EndGlobalSection
	GlobalSection(ExtensibilityGlobals) = postSolution
		SolutionGuid = {3605C723-EF74-492E-96D7-6A2EBECDA214}
	EndGlobalSection
EndGlobal
