
Microsoft Visual Studio Solution File, Format Version 12.00
# Visual Studio Version 17
VisualStudioVersion = 17.10.34607.79
MinimumVisualStudioVersion = 10.0.40219.1
Project("{FAE04EC0-301F-11D3-BF4B-00C04F79EFBC}") = "Memento", "Memento\Memento.csproj", "{28CABD13-A34D-43AF-8F80-011B75129E57}"
EndProject
Global
	GlobalSection(SolutionConfigurationPlatforms) = preSolution
		Debug|Any CPU = Debug|Any CPU
		Release|Any CPU = Release|Any CPU
	EndGlobalSection
	GlobalSection(ProjectConfigurationPlatforms) = postSolution
		{28CABD13-A34D-43AF-8F80-011B75129E57}.Debug|Any CPU.ActiveCfg = Debug|Any CPU
		{28CABD13-A34D-43AF-8F80-011B75129E57}.Debug|Any CPU.Build.0 = Debug|Any CPU
		{28CABD13-A34D-43AF-8F80-011B75129E57}.Release|Any CPU.ActiveCfg = Release|Any CPU
		{28CABD13-A34D-43AF-8F80-011B75129E57}.Release|Any CPU.Build.0 = Release|Any CPU
	EndGlobalSection
	GlobalSection(SolutionProperties) = preSolution
		HideSolutionNode = FALSE
	EndGlobalSection
	GlobalSection(ExtensibilityGlobals) = postSolution
		SolutionGuid = {C32579B1-B5D3-42CE-9333-40F3B9E414D3}
	EndGlobalSection
EndGlobal
