
Microsoft Visual Studio Solution File, Format Version 12.00
# Visual Studio Version 17
VisualStudioVersion = 17.10.34607.79
MinimumVisualStudioVersion = 10.0.40219.1
Project("{FAE04EC0-301F-11D3-BF4B-00C04F79EFBC}") = "BinarySearchRecursive", "BinarySearchRecursive\BinarySearchRecursive.csproj", "{8CBC659F-9A21-4E97-ACCF-D5EA7473AFFC}"
EndProject
Global
	GlobalSection(SolutionConfigurationPlatforms) = preSolution
		Debug|Any CPU = Debug|Any CPU
		Release|Any CPU = Release|Any CPU
	EndGlobalSection
	GlobalSection(ProjectConfigurationPlatforms) = postSolution
		{8CBC659F-9A21-4E97-ACCF-D5EA7473AFFC}.Debug|Any CPU.ActiveCfg = Debug|Any CPU
		{8CBC659F-9A21-4E97-ACCF-D5EA7473AFFC}.Debug|Any CPU.Build.0 = Debug|Any CPU
		{8CBC659F-9A21-4E97-ACCF-D5EA7473AFFC}.Release|Any CPU.ActiveCfg = Release|Any CPU
		{8CBC659F-9A21-4E97-ACCF-D5EA7473AFFC}.Release|Any CPU.Build.0 = Release|Any CPU
	EndGlobalSection
	GlobalSection(SolutionProperties) = preSolution
		HideSolutionNode = FALSE
	EndGlobalSection
	GlobalSection(ExtensibilityGlobals) = postSolution
		SolutionGuid = {61483942-666A-46FC-A921-C47B5088AE5B}
	EndGlobalSection
EndGlobal
