
Microsoft Visual Studio Solution File, Format Version 12.00
# Visual Studio Version 17
VisualStudioVersion = 17.10.34607.79
MinimumVisualStudioVersion = 10.0.40219.1
Project("{FAE04EC0-301F-11D3-BF4B-00C04F79EFBC}") = "MergeSort", "MergeSort\MergeSort.csproj", "{05E2FB51-78DA-4E7F-B611-D00E4EE50CF1}"
EndProject
Global
	GlobalSection(SolutionConfigurationPlatforms) = preSolution
		Debug|Any CPU = Debug|Any CPU
		Release|Any CPU = Release|Any CPU
	EndGlobalSection
	GlobalSection(ProjectConfigurationPlatforms) = postSolution
		{05E2FB51-78DA-4E7F-B611-D00E4EE50CF1}.Debug|Any CPU.ActiveCfg = Debug|Any CPU
		{05E2FB51-78DA-4E7F-B611-D00E4EE50CF1}.Debug|Any CPU.Build.0 = Debug|Any CPU
		{05E2FB51-78DA-4E7F-B611-D00E4EE50CF1}.Release|Any CPU.ActiveCfg = Release|Any CPU
		{05E2FB51-78DA-4E7F-B611-D00E4EE50CF1}.Release|Any CPU.Build.0 = Release|Any CPU
	EndGlobalSection
	GlobalSection(SolutionProperties) = preSolution
		HideSolutionNode = FALSE
	EndGlobalSection
	GlobalSection(ExtensibilityGlobals) = postSolution
		SolutionGuid = {47D13BE1-DD84-45E5-B671-63F83E1E3497}
	EndGlobalSection
EndGlobal
