
Microsoft Visual Studio Solution File, Format Version 12.00
# Visual Studio Version 17
VisualStudioVersion = 17.4.33213.308
MinimumVisualStudioVersion = 10.0.40219.1
Project("{FAE04EC0-301F-11D3-BF4B-00C04F79EFBC}") = "ColorBox", "ColorBox\ColorBox.csproj", "{0C7DE761-544A-46D1-8FD4-41BBEFB6430B}"
EndProject
Global
	GlobalSection(SolutionConfigurationPlatforms) = preSolution
		Debug|Any CPU = Debug|Any CPU
		Release|Any CPU = Release|Any CPU
	EndGlobalSection
	GlobalSection(ProjectConfigurationPlatforms) = postSolution
		{0C7DE761-544A-46D1-8FD4-41BBEFB6430B}.Debug|Any CPU.ActiveCfg = Debug|Any CPU
		{0C7DE761-544A-46D1-8FD4-41BBEFB6430B}.Debug|Any CPU.Build.0 = Debug|Any CPU
		{0C7DE761-544A-46D1-8FD4-41BBEFB6430B}.Release|Any CPU.ActiveCfg = Release|Any CPU
		{0C7DE761-544A-46D1-8FD4-41BBEFB6430B}.Release|Any CPU.Build.0 = Release|Any CPU
	EndGlobalSection
	GlobalSection(SolutionProperties) = preSolution
		HideSolutionNode = FALSE
	EndGlobalSection
	GlobalSection(ExtensibilityGlobals) = postSolution
		SolutionGuid = {DE39C0C4-3569-406B-9ACE-F120985B6EC4}
	EndGlobalSection
EndGlobal
