
Microsoft Visual Studio Solution File, Format Version 12.00
# Visual Studio Version 17
VisualStudioVersion = 17.4.33213.308
MinimumVisualStudioVersion = 10.0.40219.1
Project("{FAE04EC0-301F-11D3-BF4B-00C04F79EFBC}") = "SeaChess", "SeaChess\SeaChess.csproj", "{8155A971-112E-49C1-928B-39345864AD51}"
EndProject
Global
	GlobalSection(SolutionConfigurationPlatforms) = preSolution
		Debug|Any CPU = Debug|Any CPU
		Release|Any CPU = Release|Any CPU
	EndGlobalSection
	GlobalSection(ProjectConfigurationPlatforms) = postSolution
		{8155A971-112E-49C1-928B-39345864AD51}.Debug|Any CPU.ActiveCfg = Debug|Any CPU
		{8155A971-112E-49C1-928B-39345864AD51}.Debug|Any CPU.Build.0 = Debug|Any CPU
		{8155A971-112E-49C1-928B-39345864AD51}.Release|Any CPU.ActiveCfg = Release|Any CPU
		{8155A971-112E-49C1-928B-39345864AD51}.Release|Any CPU.Build.0 = Release|Any CPU
	EndGlobalSection
	GlobalSection(SolutionProperties) = preSolution
		HideSolutionNode = FALSE
	EndGlobalSection
	GlobalSection(ExtensibilityGlobals) = postSolution
		SolutionGuid = {124AA866-B3A6-4F7D-80AF-B3E93BC753E1}
	EndGlobalSection
EndGlobal
