
Microsoft Visual Studio Solution File, Format Version 12.00
# Visual Studio Version 17
VisualStudioVersion = 17.10.34607.79
MinimumVisualStudioVersion = 10.0.40219.1
Project("{FAE04EC0-301F-11D3-BF4B-00C04F79EFBC}") = "SourceRemovalAlgorithm", "SourceRemovalAlgorithm\SourceRemovalAlgorithm.csproj", "{71D5B17C-B74A-422E-8983-ED4607630F70}"
EndProject
Global
	GlobalSection(SolutionConfigurationPlatforms) = preSolution
		Debug|Any CPU = Debug|Any CPU
		Release|Any CPU = Release|Any CPU
	EndGlobalSection
	GlobalSection(ProjectConfigurationPlatforms) = postSolution
		{71D5B17C-B74A-422E-8983-ED4607630F70}.Debug|Any CPU.ActiveCfg = Debug|Any CPU
		{71D5B17C-B74A-422E-8983-ED4607630F70}.Debug|Any CPU.Build.0 = Debug|Any CPU
		{71D5B17C-B74A-422E-8983-ED4607630F70}.Release|Any CPU.ActiveCfg = Release|Any CPU
		{71D5B17C-B74A-422E-8983-ED4607630F70}.Release|Any CPU.Build.0 = Release|Any CPU
	EndGlobalSection
	GlobalSection(SolutionProperties) = preSolution
		HideSolutionNode = FALSE
	EndGlobalSection
	GlobalSection(ExtensibilityGlobals) = postSolution
		SolutionGuid = {57BFC2B9-A8B0-4E38-B826-7ED8CC5B9375}
	EndGlobalSection
EndGlobal
