
Microsoft Visual Studio Solution File, Format Version 12.00
# Visual Studio Version 17
VisualStudioVersion = 17.10.34607.79
MinimumVisualStudioVersion = 10.0.40219.1
Project("{FAE04EC0-301F-11D3-BF4B-00C04F79EFBC}") = "Composite", "Composite\Composite.csproj", "{7C24908A-5565-4E35-A0FD-E1B2674D3585}"
EndProject
Global
	GlobalSection(SolutionConfigurationPlatforms) = preSolution
		Debug|Any CPU = Debug|Any CPU
		Release|Any CPU = Release|Any CPU
	EndGlobalSection
	GlobalSection(ProjectConfigurationPlatforms) = postSolution
		{7C24908A-5565-4E35-A0FD-E1B2674D3585}.Debug|Any CPU.ActiveCfg = Debug|Any CPU
		{7C24908A-5565-4E35-A0FD-E1B2674D3585}.Debug|Any CPU.Build.0 = Debug|Any CPU
		{7C24908A-5565-4E35-A0FD-E1B2674D3585}.Release|Any CPU.ActiveCfg = Release|Any CPU
		{7C24908A-5565-4E35-A0FD-E1B2674D3585}.Release|Any CPU.Build.0 = Release|Any CPU
	EndGlobalSection
	GlobalSection(SolutionProperties) = preSolution
		HideSolutionNode = FALSE
	EndGlobalSection
	GlobalSection(ExtensibilityGlobals) = postSolution
		SolutionGuid = {2591337D-F569-492D-B1E1-E088DB28BA53}
	EndGlobalSection
EndGlobal
