
Microsoft Visual Studio Solution File, Format Version 12.00
# Visual Studio Version 17
VisualStudioVersion = 17.4.33213.308
MinimumVisualStudioVersion = 10.0.40219.1
Project("{FAE04EC0-301F-11D3-BF4B-00C04F79EFBC}") = "TODOList", "TODOList\TODOList.csproj", "{B7E37018-DB2B-49B0-9CD1-01F3A2CA3EE0}"
EndProject
Global
	GlobalSection(SolutionConfigurationPlatforms) = preSolution
		Debug|Any CPU = Debug|Any CPU
		Release|Any CPU = Release|Any CPU
	EndGlobalSection
	GlobalSection(ProjectConfigurationPlatforms) = postSolution
		{B7E37018-DB2B-49B0-9CD1-01F3A2CA3EE0}.Debug|Any CPU.ActiveCfg = Debug|Any CPU
		{B7E37018-DB2B-49B0-9CD1-01F3A2CA3EE0}.Debug|Any CPU.Build.0 = Debug|Any CPU
		{B7E37018-DB2B-49B0-9CD1-01F3A2CA3EE0}.Release|Any CPU.ActiveCfg = Release|Any CPU
		{B7E37018-DB2B-49B0-9CD1-01F3A2CA3EE0}.Release|Any CPU.Build.0 = Release|Any CPU
	EndGlobalSection
	GlobalSection(SolutionProperties) = preSolution
		HideSolutionNode = FALSE
	EndGlobalSection
	GlobalSection(ExtensibilityGlobals) = postSolution
		SolutionGuid = {D718693A-52AD-49B2-9908-8AF21F70C683}
	EndGlobalSection
EndGlobal
